// !$*UTF8*$!
{
	archiveVersion = 1;
	classes = {
	};
	objectVersion = 48;
	objects = {

/* Begin PBXBuildFile section */
		D1BE74DD1FEA97490055EC85 /* AppDelegate.swift in Sources */ = {isa = PBXBuildFile; fileRef = D1BE74DC1FEA97490055EC85 /* AppDelegate.swift */; };
		D1BE74DF1FEA97490055EC85 /* MasterViewController.swift in Sources */ = {isa = PBXBuildFile; fileRef = D1BE74DE1FEA97490055EC85 /* MasterViewController.swift */; };
		D1BE74E11FEA97490055EC85 /* DetailViewController.swift in Sources */ = {isa = PBXBuildFile; fileRef = D1BE74E01FEA97490055EC85 /* DetailViewController.swift */; };
		D1BE74E41FEA97490055EC85 /* Main.storyboard in Resources */ = {isa = PBXBuildFile; fileRef = D1BE74E21FEA97490055EC85 /* Main.storyboard */; };
		D1BE74E61FEA97490055EC85 /* Assets.xcassets in Resources */ = {isa = PBXBuildFile; fileRef = D1BE74E51FEA97490055EC85 /* Assets.xcassets */; };
		D1BE74E91FEA97490055EC85 /* LaunchScreen.storyboard in Resources */ = {isa = PBXBuildFile; fileRef = D1BE74E71FEA97490055EC85 /* LaunchScreen.storyboard */; };
		D1BE74F21FEA991C0055EC85 /* Realm.framework in Frameworks */ = {isa = PBXBuildFile; fileRef = D1BE74F01FEA991B0055EC85 /* Realm.framework */; };
		D1BE74F31FEA991C0055EC85 /* RealmSwift.framework in Frameworks */ = {isa = PBXBuildFile; fileRef = D1BE74F11FEA991C0055EC85 /* RealmSwift.framework */; };
		D1BE74F51FEA9A380055EC85 /* Realm.framework in Frameworks */ = {isa = PBXBuildFile; fileRef = D1BE74F01FEA991B0055EC85 /* Realm.framework */; };
		D1BE74F61FEA9A380055EC85 /* Realm.framework in Embed Frameworks */ = {isa = PBXBuildFile; fileRef = D1BE74F01FEA991B0055EC85 /* Realm.framework */; settings = {ATTRIBUTES = (CodeSignOnCopy, RemoveHeadersOnCopy, ); }; };
		D1BE74F71FEA9A380055EC85 /* RealmSwift.framework in Frameworks */ = {isa = PBXBuildFile; fileRef = D1BE74F11FEA991C0055EC85 /* RealmSwift.framework */; };
		D1BE74F81FEA9A380055EC85 /* RealmSwift.framework in Embed Frameworks */ = {isa = PBXBuildFile; fileRef = D1BE74F11FEA991C0055EC85 /* RealmSwift.framework */; settings = {ATTRIBUTES = (CodeSignOnCopy, RemoveHeadersOnCopy, ); }; };
		D1BE74FC1FEA9E890055EC85 /* Article.swift in Sources */ = {isa = PBXBuildFile; fileRef = D1BE74FB1FEA9E890055EC85 /* Article.swift */; };
		D1BE74FE1FEBF1770055EC85 /* ExtendUIImageView.swift in Sources */ = {isa = PBXBuildFile; fileRef = D1BE74FD1FEBF1770055EC85 /* ExtendUIImageView.swift */; };
		D1BE75041FEC6D050055EC85 /* Default.png in Resources */ = {isa = PBXBuildFile; fileRef = D1BE75031FEC6D050055EC85 /* Default.png */; };
/* End PBXBuildFile section */

/* Begin PBXCopyFilesBuildPhase section */
		D1BE74F91FEA9A380055EC85 /* Embed Frameworks */ = {
			isa = PBXCopyFilesBuildPhase;
			buildActionMask = 2147483647;
			dstPath = "";
			dstSubfolderSpec = 10;
			files = (
				D1BE74F81FEA9A380055EC85 /* RealmSwift.framework in Embed Frameworks */,
				D1BE74F61FEA9A380055EC85 /* Realm.framework in Embed Frameworks */,
			);
			name = "Embed Frameworks";
			runOnlyForDeploymentPostprocessing = 0;
		};
/* End PBXCopyFilesBuildPhase section */

/* Begin PBXFileReference section */
		D1BE74D91FEA97490055EC85 /* STCexercise2.app */ = {isa = PBXFileReference; explicitFileType = wrapper.application; includeInIndex = 0; path = STCexercise2.app; sourceTree = BUILT_PRODUCTS_DIR; };
		D1BE74DC1FEA97490055EC85 /* AppDelegate.swift */ = {isa = PBXFileReference; lastKnownFileType = sourcecode.swift; path = AppDelegate.swift; sourceTree = "<group>"; };
		D1BE74DE1FEA97490055EC85 /* MasterViewController.swift */ = {isa = PBXFileReference; lastKnownFileType = sourcecode.swift; path = MasterViewController.swift; sourceTree = "<group>"; };
		D1BE74E01FEA97490055EC85 /* DetailViewController.swift */ = {isa = PBXFileReference; lastKnownFileType = sourcecode.swift; path = DetailViewController.swift; sourceTree = "<group>"; };
		D1BE74E31FEA97490055EC85 /* Base */ = {isa = PBXFileReference; lastKnownFileType = file.storyboard; name = Base; path = Base.lproj/Main.storyboard; sourceTree = "<group>"; };
		D1BE74E51FEA97490055EC85 /* Assets.xcassets */ = {isa = PBXFileReference; lastKnownFileType = folder.assetcatalog; path = Assets.xcassets; sourceTree = "<group>"; };
		D1BE74E81FEA97490055EC85 /* Base */ = {isa = PBXFileReference; lastKnownFileType = file.storyboard; name = Base; path = Base.lproj/LaunchScreen.storyboard; sourceTree = "<group>"; };
		D1BE74EA1FEA97490055EC85 /* Info.plist */ = {isa = PBXFileReference; lastKnownFileType = text.plist.xml; path = Info.plist; sourceTree = "<group>"; };
		D1BE74F01FEA991B0055EC85 /* Realm.framework */ = {isa = PBXFileReference; lastKnownFileType = wrapper.framework; path = Realm.framework; sourceTree = "<group>"; };
		D1BE74F11FEA991C0055EC85 /* RealmSwift.framework */ = {isa = PBXFileReference; lastKnownFileType = wrapper.framework; path = RealmSwift.framework; sourceTree = "<group>"; };
		D1BE74FB1FEA9E890055EC85 /* Article.swift */ = {isa = PBXFileReference; lastKnownFileType = sourcecode.swift; path = Article.swift; sourceTree = "<group>"; };
		D1BE74FD1FEBF1770055EC85 /* ExtendUIImageView.swift */ = {isa = PBXFileReference; lastKnownFileType = sourcecode.swift; path = ExtendUIImageView.swift; sourceTree = "<group>"; };
		D1BE75031FEC6D050055EC85 /* Default.png */ = {isa = PBXFileReference; lastKnownFileType = image.png; path = Default.png; sourceTree = "<group>"; };
/* End PBXFileReference section */

/* Begin PBXFrameworksBuildPhase section */
		D1BE74D61FEA97490055EC85 /* Frameworks */ = {
			isa = PBXFrameworksBuildPhase;
			buildActionMask = 2147483647;
			files = (
				D1BE74F51FEA9A380055EC85 /* Realm.framework in Frameworks */,
				D1BE74F31FEA991C0055EC85 /* RealmSwift.framework in Frameworks */,
				D1BE74F71FEA9A380055EC85 /* RealmSwift.framework in Frameworks */,
				D1BE74F21FEA991C0055EC85 /* Realm.framework in Frameworks */,
			);
			runOnlyForDeploymentPostprocessing = 0;
		};
/* End PBXFrameworksBuildPhase section */

/* Begin PBXGroup section */
		D1BE74D01FEA97490055EC85 = {
			isa = PBXGroup;
			children = (
				D1BE75031FEC6D050055EC85 /* Default.png */,
				D1BE74DB1FEA97490055EC85 /* STCexercise2 */,
				D1BE74DA1FEA97490055EC85 /* Products */,
			);
			sourceTree = "<group>";
		};
		D1BE74DA1FEA97490055EC85 /* Products */ = {
			isa = PBXGroup;
			children = (
				D1BE74D91FEA97490055EC85 /* STCexercise2.app */,
			);
			name = Products;
			sourceTree = "<group>";
		};
		D1BE74DB1FEA97490055EC85 /* STCexercise2 */ = {
			isa = PBXGroup;
			children = (
				D1BE74FD1FEBF1770055EC85 /* ExtendUIImageView.swift */,
				D1BE74DC1FEA97490055EC85 /* AppDelegate.swift */,
				D1BE74DE1FEA97490055EC85 /* MasterViewController.swift */,
				D1BE74FB1FEA9E890055EC85 /* Article.swift */,
				D1BE74E01FEA97490055EC85 /* DetailViewController.swift */,
				D1BE74E21FEA97490055EC85 /* Main.storyboard */,
				D1BE74E51FEA97490055EC85 /* Assets.xcassets */,
				D1BE74E71FEA97490055EC85 /* LaunchScreen.storyboard */,
				D1BE74EA1FEA97490055EC85 /* Info.plist */,
				D1BE74F01FEA991B0055EC85 /* Realm.framework */,
				D1BE74F11FEA991C0055EC85 /* RealmSwift.framework */,
			);
			path = STCexercise2;
			sourceTree = "<group>";
		};
/* End PBXGroup section */

/* Begin PBXNativeTarget section */
		D1BE74D81FEA97490055EC85 /* STCexercise2 */ = {
			isa = PBXNativeTarget;
			buildConfigurationList = D1BE74ED1FEA97490055EC85 /* Build configuration list for PBXNativeTarget "STCexercise2" */;
			buildPhases = (
				D1BE74D51FEA97490055EC85 /* Sources */,
				D1BE74D61FEA97490055EC85 /* Frameworks */,
				D1BE74D71FEA97490055EC85 /* Resources */,
				D1BE74F91FEA9A380055EC85 /* Embed Frameworks */,
				D1BE74FA1FEA9AE50055EC85 /* ShellScript */,
			);
			buildRules = (
			);
			dependencies = (
			);
			name = STCexercise2;
			productName = STCexercise2;
			productReference = D1BE74D91FEA97490055EC85 /* STCexercise2.app */;
			productType = "com.apple.product-type.application";
		};
/* End PBXNativeTarget section */

/* Begin PBXProject section */
		D1BE74D11FEA97490055EC85 /* Project object */ = {
			isa = PBXProject;
			attributes = {
				LastSwiftUpdateCheck = 0920;
				LastUpgradeCheck = 0920;
				ORGANIZATIONNAME = "Abdullah Alhazmi";
				TargetAttributes = {
					D1BE74D81FEA97490055EC85 = {
						CreatedOnToolsVersion = 9.2;
						ProvisioningStyle = Automatic;
					};
				};
			};
			buildConfigurationList = D1BE74D41FEA97490055EC85 /* Build configuration list for PBXProject "STCexercise2" */;
			compatibilityVersion = "Xcode 8.0";
			developmentRegion = en;
			hasScannedForEncodings = 0;
			knownRegions = (
				en,
				Base,
			);
			mainGroup = D1BE74D01FEA97490055EC85;
			productRefGroup = D1BE74DA1FEA97490055EC85 /* Products */;
			projectDirPath = "";
			projectRoot = "";
			targets = (
				D1BE74D81FEA97490055EC85 /* STCexercise2 */,
			);
		};
/* End PBXProject section */

/* Begin PBXResourcesBuildPhase section */
		D1BE74D71FEA97490055EC85 /* Resources */ = {
			isa = PBXResourcesBuildPhase;
			buildActionMask = 2147483647;
			files = (
				D1BE74E91FEA97490055EC85 /* LaunchScreen.storyboard in Resources */,
				D1BE74E61FEA97490055EC85 /* Assets.xcassets in Resources */,
				D1BE74E41FEA97490055EC85 /* Main.storyboard in Resources */,
				D1BE75041FEC6D050055EC85 /* Default.png in Resources */,
			);
			runOnlyForDeploymentPostprocessing = 0;
		};
/* End PBXResourcesBuildPhase section */

/* Begin PBXShellScriptBuildPhase section */
		D1BE74FA1FEA9AE50055EC85 /* ShellScript */ = {
			isa = PBXShellScriptBuildPhase;
			buildActionMask = 2147483647;
			files = (
			);
			inputPaths = (
			);
			outputPaths = (
			);
			runOnlyForDeploymentPostprocessing = 0;
			shellPath = /bin/sh;
			shellScript = "bash \"${BUILT_PRODUCTS_DIR}/${FRAMEWORKS_FOLDER_PATH}/Realm.framework/strip-frameworks.sh\"";
		};
/* End PBXShellScriptBuildPhase section */

/* Begin PBXSourcesBuildPhase section */
		D1BE74D51FEA97490055EC85 /* Sources */ = {
			isa = PBXSourcesBuildPhase;
			buildActionMask = 2147483647;
			files = (
				D1BE74FC1FEA9E890055EC85 /* Article.swift in Sources */,
				D1BE74E11FEA97490055EC85 /* DetailViewController.swift in Sources */,
				D1BE74DF1FEA97490055EC85 /* MasterViewController.swift in Sources */,
				D1BE74DD1FEA97490055EC85 /* AppDelegate.swift in Sources */,
				D1BE74FE1FEBF1770055EC85 /* ExtendUIImageView.swift in Sources */,
			);
			runOnlyForDeploymentPostprocessing = 0;
		};
/* End PBXSourcesBuildPhase section */

/* Begin PBXVariantGroup section */
		D1BE74E21FEA97490055EC85 /* Main.storyboard */ = {
			isa = PBXVariantGroup;
			children = (
				D1BE74E31FEA97490055EC85 /* Base */,
			);
			name = Main.storyboard;
			sourceTree = "<group>";
		};
		D1BE74E71FEA97490055EC85 /* LaunchScreen.storyboard */ = {
			isa = PBXVariantGroup;
			children = (
				D1BE74E81FEA97490055EC85 /* Base */,
			);
			name = LaunchScreen.storyboard;
			sourceTree = "<group>";
		};
/* End PBXVariantGroup section */

/* Begin XCBuildConfiguration section */
		D1BE74EB1FEA97490055EC85 /* Debug */ = {
			isa = XCBuildConfiguration;
			buildSettings = {
				ALWAYS_SEARCH_USER_PATHS = NO;
				CLANG_ANALYZER_NONNULL = YES;
				CLANG_ANALYZER_NUMBER_OBJECT_CONVERSION = YES_AGGRESSIVE;
				CLANG_CXX_LANGUAGE_STANDARD = "gnu++14";
				CLANG_CXX_LIBRARY = "libc++";
				CLANG_ENABLE_MODULES = YES;
				CLANG_ENABLE_OBJC_ARC = YES;
				CLANG_WARN_BLOCK_CAPTURE_AUTORELEASING = YES;
				CLANG_WARN_BOOL_CONVERSION = YES;
				CLANG_WARN_COMMA = YES;
				CLANG_WARN_CONSTANT_CONVERSION = YES;
				CLANG_WARN_DIRECT_OBJC_ISA_USAGE = YES_ERROR;
				CLANG_WARN_DOCUMENTATION_COMMENTS = YES;
				CLANG_WARN_EMPTY_BODY = YES;
				CLANG_WARN_ENUM_CONVERSION = YES;
				CLANG_WARN_INFINITE_RECURSION = YES;
				CLANG_WARN_INT_CONVERSION = YES;
				CLANG_WARN_NON_LITERAL_NULL_CONVERSION = YES;
				CLANG_WARN_OBJC_LITERAL_CONVERSION = YES;
				CLANG_WARN_OBJC_ROOT_CLASS = YES_ERROR;
				CLANG_WARN_RANGE_LOOP_ANALYSIS = YES;
				CLANG_WARN_STRICT_PROTOTYPES = YES;
				CLANG_WARN_SUSPICIOUS_MOVE = YES;
				CLANG_WARN_UNGUARDED_AVAILABILITY = YES_AGGRESSIVE;
				CLANG_WARN_UNREACHABLE_CODE = YES;
				CLANG_WARN__DUPLICATE_METHOD_MATCH = YES;
				CODE_SIGN_IDENTITY = "iPhone Developer";
				COPY_PHASE_STRIP = NO;
				DEBUG_INFORMATION_FORMAT = dwarf;
				ENABLE_STRICT_OBJC_MSGSEND = YES;
				ENABLE_TESTABILITY = YES;
				GCC_C_LANGUAGE_STANDARD = gnu11;
				GCC_DYNAMIC_NO_PIC = NO;
				GCC_NO_COMMON_BLOCKS = YES;
				GCC_OPTIMIZATION_LEVEL = 0;
				GCC_PREPROCESSOR_DEFINITIONS = (
					"DEBUG=1",
					"$(inherited)",
				);
				GCC_WARN_64_TO_32_BIT_CONVERSION = YES;
				GCC_WARN_ABOUT_RETURN_TYPE = YES_ERROR;
				GCC_WARN_UNDECLARED_SELECTOR = YES;
				GCC_WARN_UNINITIALIZED_AUTOS = YES_AGGRESSIVE;
				GCC_WARN_UNUSED_FUNCTION = YES;
				GCC_WARN_UNUSED_VARIABLE = YES;
				IPHONEOS_DEPLOYMENT_TARGET = 11.2;
				MTL_ENABLE_DEBUG_INFO = YES;
				ONLY_ACTIVE_ARCH = YES;
				SDKROOT = iphoneos;
				SWIFT_ACTIVE_COMPILATION_CONDITIONS = DEBUG;
				SWIFT_OPTIMIZATION_LEVEL = "-Onone";
			};
			name = Debug;
		};
		D1BE74EC1FEA97490055EC85 /* Release */ = {
			isa = XCBuildConfiguration;
			buildSettings = {
				ALWAYS_SEARCH_USER_PATHS = NO;
				CLANG_ANALYZER_NONNULL = YES;
				CLANG_ANALYZER_NUMBER_OBJECT_CONVERSION = YES_AGGRESSIVE;
				CLANG_CXX_LANGUAGE_STANDARD = "gnu++14";
				CLANG_CXX_LIBRARY = "libc++";
				CLANG_ENABLE_MODULES = YES;
				CLANG_ENABLE_OBJC_ARC = YES;
				CLANG_WARN_BLOCK_CAPTURE_AUTORELEASING = YES;
				CLANG_WARN_BOOL_CONVERSION = YES;
				CLANG_WARN_COMMA = YES;
				CLANG_WARN_CONSTANT_CONVERSION = YES;
				CLANG_WARN_DIRECT_OBJC_ISA_USAGE = YES_ERROR;
				CLANG_WARN_DOCUMENTATION_COMMENTS = YES;
				CLANG_WARN_EMPTY_BODY = YES;
				CLANG_WARN_ENUM_CONVERSION = YES;
				CLANG_WARN_INFINITE_RECURSION = YES;
				CLANG_WARN_INT_CONVERSION = YES;
				CLANG_WARN_NON_LITERAL_NULL_CONVERSION = YES;
				CLANG_WARN_OBJC_LITERAL_CONVERSION = YES;
				CLANG_WARN_OBJC_ROOT_CLASS = YES_ERROR;
				CLANG_WARN_RANGE_LOOP_ANALYSIS = YES;
				CLANG_WARN_STRICT_PROTOTYPES = YES;
				CLANG_WARN_SUSPICIOUS_MOVE = YES;
				CLANG_WARN_UNGUARDED_AVAILABILITY = YES_AGGRESSIVE;
				CLANG_WARN_UNREACHABLE_CODE = YES;
				CLANG_WARN__DUPLICATE_METHOD_MATCH = YES;
				CODE_SIGN_IDENTITY = "iPhone Developer";
				COPY_PHASE_STRIP = NO;
				DEBUG_INFORMATION_FORMAT = "dwarf-with-dsym";
				ENABLE_NS_ASSERTIONS = NO;
				ENABLE_STRICT_OBJC_MSGSEND = YES;
				GCC_C_LANGUAGE_STANDARD = gnu11;
				GCC_NO_COMMON_BLOCKS = YES;
				GCC_WARN_64_TO_32_BIT_CONVERSION = YES;
				GCC_WARN_ABOUT_RETURN_TYPE = YES_ERROR;
				GCC_WARN_UNDECLARED_SELECTOR = YES;
				GCC_WARN_UNINITIALIZED_AUTOS = YES_AGGRESSIVE;
				GCC_WARN_UNUSED_FUNCTION = YES;
				GCC_WARN_UNUSED_VARIABLE = YES;
				IPHONEOS_DEPLOYMENT_TARGET = 11.2;
				MTL_ENABLE_DEBUG_INFO = NO;
				SDKROOT = iphoneos;
				SWIFT_OPTIMIZATION_LEVEL = "-Owholemodule";
				VALIDATE_PRODUCT = YES;
			};
			name = Release;
		};
		D1BE74EE1FEA97490055EC85 /* Debug */ = {
			isa = XCBuildConfiguration;
			buildSettings = {
				ASSETCATALOG_COMPILER_APPICON_NAME = AppIcon;
				CODE_SIGN_STYLE = Automatic;
				FRAMEWORK_SEARCH_PATHS = (
					"$(inherited)",
					"$(PROJECT_DIR)/STCexercise2",
				);
				INFOPLIST_FILE = STCexercise2/Info.plist;
				LD_RUNPATH_SEARCH_PATHS = "$(inherited) @executable_path/Frameworks";
				PRODUCT_BUNDLE_IDENTIFIER = STC.STCexercise2;
				PRODUCT_NAME = "$(TARGET_NAME)";
				SWIFT_VERSION = 4.0;
				TARGETED_DEVICE_FAMILY = "1,2";
			};
			name = Debug;
		};
		D1BE74EF1FEA97490055EC85 /* Release */ = {
			isa = XCBuildConfiguration;
			buildSettings = {
				ASSETCATALOG_COMPILER_APPICON_NAME = AppIcon;
				CODE_SIGN_STYLE = Automatic;
				FRAMEWORK_SEARCH_PATHS = (
					"$(inherited)",
					"$(PROJECT_DIR)/STCexercise2",
				);
				INFOPLIST_FILE = STCexercise2/Info.plist;
				LD_RUNPATH_SEARCH_PATHS = "$(inherited) @executable_path/Frameworks";
				PRODUCT_BUNDLE_IDENTIFIER = STC.STCexercise2;
				PRODUCT_NAME = "$(TARGET_NAME)";
				SWIFT_VERSION = 4.0;
				TARGETED_DEVICE_FAMILY = "1,2";
			};
			name = Release;
		};
/* End XCBuildConfiguration section */

/* Begin XCConfigurationList section */
		D1BE74D41FEA97490055EC85 /* Build configuration list for PBXProject "STCexercise2" */ = {
			isa = XCConfigurationList;
			buildConfigurations = (
				D1BE74EB1FEA97490055EC85 /* Debug */,
				D1BE74EC1FEA97490055EC85 /* Release */,
			);
			defaultConfigurationIsVisible = 0;
			defaultConfigurationName = Release;
		};
		D1BE74ED1FEA97490055EC85 /* Build configuration list for PBXNativeTarget "STCexercise2" */ = {
			isa = XCConfigurationList;
			buildConfigurations = (
				D1BE74EE1FEA97490055EC85 /* Debug */,
				D1BE74EF1FEA97490055EC85 /* Release */,
			);
			defaultConfigurationIsVisible = 0;
			defaultConfigurationName = Release;
		};
/* End XCConfigurationList section */
	};
	rootObject = D1BE74D11FEA97490055EC85 /* Project object */;
}
